<?xml version="1.0" encoding="utf-8"?>
<Project ToolsVersion="4.0" xmlns="http://schemas.microsoft.com/developer/msbuild/2003">
  <ItemGroup>
    <Filter Include="Source">
      <UniqueIdentifier>{4FC737F1-C7A5-4376-A066-2A32D752A2FF}</UniqueIdentifier>
      <Extensions>cpp;c;cc;cxx;def;odl;idl;hpj;bat;asm;asmx</Extensions>
    </Filter>
    <Filter Include="Source\Shaders">
      <UniqueIdentifier>{f195359c-3cde-416a-a083-908cbb42f9c6}</UniqueIdentifier>
    </Filter>
    <Filter Include="Content">
      <UniqueIdentifier>{851904a8-a701-441c-80c8-b89ac9d25783}</UniqueIdentifier>
    </Filter>
    <Filter Include="Content\Textures">
      <UniqueIdentifier>{3f69ede6-16b9-46dd-a4f5-5cc5bff51aac}</UniqueIdentifier>
    </Filter>
  </ItemGroup>
  <ItemGroup>
    <ClCompile Include="Source\main.cpp">
      <Filter>Source</Filter>
    </ClCompile>
    <ClCompile Include="Source\CEngine.cpp">
      <Filter>Source</Filter>
    </ClCompile>
    <ClCompile Include="Source\Shader.cpp">
      <Filter>Source</Filter>
    </ClCompile>
    <ClCompile Include="Source\TextureManager.cpp">
      <Filter>Source</Filter>
    </ClCompile>
    <ClCompile Include="Source\Mesh.cpp">
      <Filter>Source</Filter>
    </ClCompile>
    <ClCompile Include="Source\CCamera.cpp">
      <Filter>Source</Filter>
    </ClCompile>
  </ItemGroup>
  <ItemGroup>
    <ClInclude Include="Source\CEngine.h">
      <Filter>Source</Filter>
    </ClInclude>
    <ClInclude Include="Source\Shader.h">
      <Filter>Source</Filter>
    </ClInclude>
    <ClInclude Include="Source\stb_image.h">
      <Filter>Source</Filter>
    </ClInclude>
    <ClInclude Include="Source\TextureManager.h">
      <Filter>Source</Filter>
    </ClInclude>
    <ClInclude Include="Source\Texture.h">
      <Filter>Source</Filter>
    </ClInclude>
    <ClInclude Include="Source\Mesh.h">
      <Filter>Source</Filter>
    </ClInclude>
    <ClInclude Include="Source\CCamera.h">
      <Filter>Source</Filter>
    </ClInclude>
  </ItemGroup>
  <ItemGroup>
    <None Include="Source\Shaders\vertex.shader">
      <Filter>Source\Shaders</Filter>
    </None>
    <None Include="Source\Shaders\fragment.shader">
      <Filter>Source\Shaders</Filter>
    </None>
  </ItemGroup>
  <ItemGroup>
    <Image Include="Content\Textures\uchiha.png">
      <Filter>Content\Textures</Filter>
    </Image>
  </ItemGroup>
</Project>